{
  "version": 4,
  "terraform_version": "1.9.3",
  "serial": 5,
  "lineage": "bb194f61-4521-2192-354a-1fdd982ea53d",
  "outputs": {},
  "resources": [
    {
      "mode": "data",
      "type": "archive_file",
      "name": "archive",
      "provider": "provider[\"registry.terraform.io/hashicorp/archive\"]",
      "instances": [
        {
          "schema_version": 0,
          "attributes": {
            "exclude_symlink_directories": null,
            "excludes": null,
            "id": "b2c12c9d4948b426344baccf10cbe8d271299ee2",
            "output_base64sha256": "B1q1bu66iIauBgyKOGujU4l0G2wVq51CroooccOcnH8=",
            "output_base64sha512": "yHi3pqKyLMQ2iLpD/Z4gRXhHqzSMrVfmIq1sb5WK3rXWfOHKkJhR0j2jIVUpo/nQ/olhE+vdZ1ilLaoBHlCQLA==",
            "output_file_mode": null,
            "output_md5": "830d08e3d2f28d475758c9d5c951d64a",
            "output_path": "greet_lambda.zip",
            "output_sha": "b2c12c9d4948b426344baccf10cbe8d271299ee2",
            "output_sha256": "075ab56eeeba8886ae060c8a386ba35389741b6c15ab9d42ae8a2871c39c9c7f",
            "output_sha512": "c878b7a6a2b22cc43688ba43fd9e20457847ab348cad57e622ad6c6f958adeb5d67ce1ca909851d23da3215529a3f9d0fe896113ebdd6758a52daa011e50902c",
            "output_size": 252,
            "source": [],
            "source_content": null,
            "source_content_filename": null,
            "source_dir": null,
            "source_file": "greet_lambda.py",
            "type": "zip"
          },
          "sensitive_attributes": []
        }
      ]
    },
    {
      "mode": "managed",
      "type": "aws_iam_policy",
      "name": "lambda_logging",
      "provider": "provider[\"registry.terraform.io/hashicorp/aws\"]",
      "instances": [
        {
          "schema_version": 0,
          "attributes": {
            "arn": "arn:aws:iam::976921276001:policy/lambda_logging",
            "attachment_count": 0,
            "description": "IAM policy for logging from a lambda",
            "id": "arn:aws:iam::976921276001:policy/lambda_logging",
            "name": "lambda_logging",
            "name_prefix": "",
            "path": "/",
            "policy": "{\"Statement\":[{\"Action\":[\"logs:CreateLogGroup\",\"logs:CreateLogStream\",\"logs:PutLogEvents\"],\"Effect\":\"Allow\",\"Resource\":\"arn:aws:logs:*:*:*\"}],\"Version\":\"2012-10-17\"}",
            "policy_id": "ANPA6G5ILVZQ7MVJJ33LZ",
            "tags": null,
            "tags_all": {}
          },
          "sensitive_attributes": [],
          "private": "bnVsbA=="
        }
      ]
    },
    {
      "mode": "managed",
      "type": "aws_iam_role",
      "name": "iam_for_lambda",
      "provider": "provider[\"registry.terraform.io/hashicorp/aws\"]",
      "instances": [
        {
          "schema_version": 0,
          "attributes": {
            "arn": "arn:aws:iam::976921276001:role/iam_for_lambda",
            "assume_role_policy": "{\"Statement\":[{\"Action\":\"sts:AssumeRole\",\"Effect\":\"Allow\",\"Principal\":{\"Service\":\"lambda.amazonaws.com\"},\"Sid\":\"\"}],\"Version\":\"2012-10-17\"}",
            "create_date": "2024-09-15T17:48:18Z",
            "description": "",
            "force_detach_policies": false,
            "id": "iam_for_lambda",
            "inline_policy": [],
            "managed_policy_arns": [],
            "max_session_duration": 3600,
            "name": "iam_for_lambda",
            "name_prefix": "",
            "path": "/",
            "permissions_boundary": "",
            "tags": null,
            "tags_all": {},
            "unique_id": "AROA6G5ILVZQRW4J4MM2M"
          },
          "sensitive_attributes": [],
          "private": "bnVsbA=="
        }
      ]
    },
    {
      "mode": "managed",
      "type": "aws_iam_role_policy_attachment",
      "name": "lambda_logs",
      "provider": "provider[\"registry.terraform.io/hashicorp/aws\"]",
      "instances": [
        {
          "schema_version": 0,
          "attributes": {
            "id": "iam_for_lambda-20240915174818793600000001",
            "policy_arn": "arn:aws:iam::976921276001:policy/lambda_logging",
            "role": "iam_for_lambda"
          },
          "sensitive_attributes": [],
          "private": "bnVsbA==",
          "dependencies": [
            "aws_iam_policy.lambda_logging",
            "aws_iam_role.iam_for_lambda"
          ]
        }
      ]
    }
  ],
  "check_results": null
}
